// !$*UTF8*$!
{
	archiveVersion = 1;
	classes = {
	};
	objectVersion = 46;
	objects = {

/* Begin PBXBuildFile section */
		42438B531491AD2000D218B8 /* libgameplay.a in Frameworks */ = {isa = PBXBuildFile; fileRef = 42438B521491AD2000D218B8 /* libgameplay.a */; };
		424CC03C161FCBDD00577827 /* IOKit.framework in Frameworks */ = {isa = PBXBuildFile; fileRef = 424CC03B161FCBDD00577827 /* IOKit.framework */; };
		428F7BDE15CB131A009ED24C /* game.config in Resources */ = {isa = PBXBuildFile; fileRef = 428F7BDD15CB131A009ED24C /* game.config */; };
		42C932C11491A0DB0098216A /* Cocoa.framework in Frameworks */ = {isa = PBXBuildFile; fileRef = 42C932C01491A0DB0098216A /* Cocoa.framework */; };
		42C932EE1491A4CB0098216A /* icon.png in Resources */ = {isa = PBXBuildFile; fileRef = 42C932ED1491A4CB0098216A /* icon.png */; };
		42C932F11491A5160098216A /* BillardMainClass.cpp in Sources */ = {isa = PBXBuildFile; fileRef = 42C932EF1491A5160098216A /* BillardMainClass.cpp */; };
		42C932F31491A53E0098216A /* res in Resources */ = {isa = PBXBuildFile; fileRef = 42C932F21491A53E0098216A /* res */; };
		42C933171491A5EB0098216A /* OpenGL.framework in Frameworks */ = {isa = PBXBuildFile; fileRef = 42C933161491A5EB0098216A /* OpenGL.framework */; };
		42C9331D1491A6750098216A /* QuartzCore.framework in Frameworks */ = {isa = PBXBuildFile; fileRef = 42C9331C1491A6750098216A /* QuartzCore.framework */; };
		42C9331F1491A67F0098216A /* OpenAL.framework in Frameworks */ = {isa = PBXBuildFile; fileRef = 42C9331E1491A67F0098216A /* OpenAL.framework */; };
		42C933211491A6C70098216A /* libbullet.a in Frameworks */ = {isa = PBXBuildFile; fileRef = 42C933201491A6C70098216A /* libbullet.a */; };
		42C933261491A6E50098216A /* libogg.a in Frameworks */ = {isa = PBXBuildFile; fileRef = 42C933221491A6E50098216A /* libogg.a */; };
		42C933271491A6E50098216A /* libvorbis.a in Frameworks */ = {isa = PBXBuildFile; fileRef = 42C933231491A6E50098216A /* libvorbis.a */; };
		42C933281491A6E50098216A /* libvorbisenc.a in Frameworks */ = {isa = PBXBuildFile; fileRef = 42C933241491A6E50098216A /* libvorbisenc.a */; };
		42C933291491A6E50098216A /* libvorbisfile.a in Frameworks */ = {isa = PBXBuildFile; fileRef = 42C933251491A6E50098216A /* libvorbisfile.a */; };
		42C9332C1491A7680098216A /* libpng.a in Frameworks */ = {isa = PBXBuildFile; fileRef = 42C9332A1491A7390098216A /* libpng.a */; };
		42C9332F1491A78D0098216A /* libz.dylib in Frameworks */ = {isa = PBXBuildFile; fileRef = 42C9332D1491A7810098216A /* libz.dylib */; };
		5B61611614CCC24C0073B857 /* BillardMainClass.cpp in Sources */ = {isa = PBXBuildFile; fileRef = 42C932EF1491A5160098216A /* BillardMainClass.cpp */; };
		5B61611814CCC24C0073B857 /* libgameplay.a in Frameworks */ = {isa = PBXBuildFile; fileRef = 42438B521491AD2000D218B8 /* libgameplay.a */; };
		5B61611914CCC24C0073B857 /* libbullet.a in Frameworks */ = {isa = PBXBuildFile; fileRef = 42C933201491A6C70098216A /* libbullet.a */; };
		5B61611A14CCC24C0073B857 /* libogg.a in Frameworks */ = {isa = PBXBuildFile; fileRef = 42C933221491A6E50098216A /* libogg.a */; };
		5B61611B14CCC24C0073B857 /* libvorbis.a in Frameworks */ = {isa = PBXBuildFile; fileRef = 42C933231491A6E50098216A /* libvorbis.a */; };
		5B61611C14CCC24C0073B857 /* libvorbisenc.a in Frameworks */ = {isa = PBXBuildFile; fileRef = 42C933241491A6E50098216A /* libvorbisenc.a */; };
		5B61611D14CCC24C0073B857 /* libvorbisfile.a in Frameworks */ = {isa = PBXBuildFile; fileRef = 42C933251491A6E50098216A /* libvorbisfile.a */; };
		5B61611E14CCC24C0073B857 /* libpng.a in Frameworks */ = {isa = PBXBuildFile; fileRef = 42C9332A1491A7390098216A /* libpng.a */; };
		5B61611F14CCC24C0073B857 /* libz.dylib in Frameworks */ = {isa = PBXBuildFile; fileRef = 42C9332D1491A7810098216A /* libz.dylib */; };
		5B61612614CCC24C0073B857 /* icon.png in Resources */ = {isa = PBXBuildFile; fileRef = 42C932ED1491A4CB0098216A /* icon.png */; };
		5B61612714CCC24C0073B857 /* res in Resources */ = {isa = PBXBuildFile; fileRef = 42C932F21491A53E0098216A /* res */; };
		5BAF206D152F2DDD003E2AC3 /* CoreMotion.framework in Frameworks */ = {isa = PBXBuildFile; fileRef = 5BAF2067152F2DDD003E2AC3 /* CoreMotion.framework */; };
		5BAF206E152F2DDD003E2AC3 /* Foundation.framework in Frameworks */ = {isa = PBXBuildFile; fileRef = 5BAF2068152F2DDD003E2AC3 /* Foundation.framework */; };
		5BAF206F152F2DDD003E2AC3 /* OpenAL.framework in Frameworks */ = {isa = PBXBuildFile; fileRef = 5BAF2069152F2DDD003E2AC3 /* OpenAL.framework */; };
		5BAF2070152F2DDD003E2AC3 /* OpenGLES.framework in Frameworks */ = {isa = PBXBuildFile; fileRef = 5BAF206A152F2DDD003E2AC3 /* OpenGLES.framework */; };
		5BAF2071152F2DDD003E2AC3 /* QuartzCore.framework in Frameworks */ = {isa = PBXBuildFile; fileRef = 5BAF206B152F2DDD003E2AC3 /* QuartzCore.framework */; };
		5BAF2072152F2DDD003E2AC3 /* UIKit.framework in Frameworks */ = {isa = PBXBuildFile; fileRef = 5BAF206C152F2DDD003E2AC3 /* UIKit.framework */; };
		A43A07AB162C6CCD0026EC09 /* AbstractGameController.cpp in Sources */ = {isa = PBXBuildFile; fileRef = A43A0798162C6CCD0026EC09 /* AbstractGameController.cpp */; };
		A43A07AC162C6CCD0026EC09 /* AbstractPlayerController.cpp in Sources */ = {isa = PBXBuildFile; fileRef = A43A079A162C6CCD0026EC09 /* AbstractPlayerController.cpp */; };
		A43A07AD162C6CCD0026EC09 /* ThreeBandGame.cpp in Sources */ = {isa = PBXBuildFile; fileRef = A43A079D162C6CCD0026EC09 /* ThreeBandGame.cpp */; };
		A43A07AE162C6CCD0026EC09 /* GameHud.cpp in Sources */ = {isa = PBXBuildFile; fileRef = A43A07A0162C6CCD0026EC09 /* GameHud.cpp */; };
		A43A07AF162C6CCD0026EC09 /* MainMenu.cpp in Sources */ = {isa = PBXBuildFile; fileRef = A43A07A2162C6CCD0026EC09 /* MainMenu.cpp */; };
		A43A07B0162C6CCD0026EC09 /* MenuAbstract.cpp in Sources */ = {isa = PBXBuildFile; fileRef = A43A07A4162C6CCD0026EC09 /* MenuAbstract.cpp */; };
		A43A07B1162C6CCD0026EC09 /* SelectGame.cpp in Sources */ = {isa = PBXBuildFile; fileRef = A43A07A6162C6CCD0026EC09 /* SelectGame.cpp */; };
		A43A07B2162C6CCD0026EC09 /* DevicePlayer.cpp in Sources */ = {isa = PBXBuildFile; fileRef = A43A07A9162C6CCD0026EC09 /* DevicePlayer.cpp */; };
/* End PBXBuildFile section */

/* Begin PBXContainerItemProxy section */
		A43A0792162C6A370026EC09 /* PBXContainerItemProxy */ = {
			isa = PBXContainerItemProxy;
			containerPortal = 5BC4E77F150F879E00CBE1C0 /* gameplay.xcodeproj */;
			proxyType = 2;
			remoteGlobalIDString = 4234D99A14686C52003031B3;
			remoteInfo = "gameplay-macosx";
		};
		A43A0794162C6A370026EC09 /* PBXContainerItemProxy */ = {
			isa = PBXContainerItemProxy;
			containerPortal = 5BC4E77F150F879E00CBE1C0 /* gameplay.xcodeproj */;
			proxyType = 2;
			remoteGlobalIDString = 5B04C5CA14BFCFE100EB0071;
			remoteInfo = "gameplay-ios";
		};
/* End PBXContainerItemProxy section */

/* Begin PBXFileReference section */
		42438B521491AD2000D218B8 /* libgameplay.a */ = {isa = PBXFileReference; lastKnownFileType = archive.ar; name = libgameplay.a; path = "~/Library/Developer/Xcode/DerivedData/gameplay-exiunaubxxjndaapmcqkaoeboiob/Build/Products/Debug/libgameplay.a"; sourceTree = "<group>"; };
		424CC03B161FCBDD00577827 /* IOKit.framework */ = {isa = PBXFileReference; lastKnownFileType = wrapper.framework; name = IOKit.framework; path = System/Library/Frameworks/IOKit.framework; sourceTree = SDKROOT; };
		428F7BDD15CB131A009ED24C /* game.config */ = {isa = PBXFileReference; fileEncoding = 4; lastKnownFileType = text; path = game.config; sourceTree = "<group>"; };
		42C932BC1491A0DB0098216A /* BillardOnline3D-macosx.app */ = {isa = PBXFileReference; explicitFileType = wrapper.application; includeInIndex = 0; path = "BillardOnline3D-macosx.app"; sourceTree = BUILT_PRODUCTS_DIR; };
		42C932C01491A0DB0098216A /* Cocoa.framework */ = {isa = PBXFileReference; lastKnownFileType = wrapper.framework; name = Cocoa.framework; path = System/Library/Frameworks/Cocoa.framework; sourceTree = SDKROOT; };
		42C932ED1491A4CB0098216A /* icon.png */ = {isa = PBXFileReference; lastKnownFileType = image.png; path = icon.png; sourceTree = "<group>"; };
		42C932EF1491A5160098216A /* BillardMainClass.cpp */ = {isa = PBXFileReference; fileEncoding = 4; lastKnownFileType = sourcecode.cpp.cpp; name = BillardMainClass.cpp; path = src/BillardMainClass.cpp; sourceTree = SOURCE_ROOT; };
		42C932F01491A5160098216A /* BillardMainClass.h */ = {isa = PBXFileReference; fileEncoding = 4; lastKnownFileType = sourcecode.c.h; name = BillardMainClass.h; path = src/BillardMainClass.h; sourceTree = SOURCE_ROOT; };
		42C932F21491A53E0098216A /* res */ = {isa = PBXFileReference; lastKnownFileType = folder; path = res; sourceTree = "<group>"; };
		42C933161491A5EB0098216A /* OpenGL.framework */ = {isa = PBXFileReference; lastKnownFileType = wrapper.framework; name = OpenGL.framework; path = System/Library/Frameworks/OpenGL.framework; sourceTree = SDKROOT; };
		42C9331C1491A6750098216A /* QuartzCore.framework */ = {isa = PBXFileReference; lastKnownFileType = wrapper.framework; name = QuartzCore.framework; path = System/Library/Frameworks/QuartzCore.framework; sourceTree = SDKROOT; };
		42C9331E1491A67F0098216A /* OpenAL.framework */ = {isa = PBXFileReference; lastKnownFileType = wrapper.framework; name = OpenAL.framework; path = System/Library/Frameworks/OpenAL.framework; sourceTree = SDKROOT; };
		42C933201491A6C70098216A /* libbullet.a */ = {isa = PBXFileReference; lastKnownFileType = archive.ar; name = libbullet.a; path = "../../../../Applications/blackberry-GamePlay/external-deps/bullet/lib/macosx/libbullet.a"; sourceTree = "<group>"; };
		42C933221491A6E50098216A /* libogg.a */ = {isa = PBXFileReference; lastKnownFileType = archive.ar; name = libogg.a; path = "../../../../Applications/blackberry-GamePlay/external-deps/oggvorbis/lib/macosx/libogg.a"; sourceTree = "<group>"; };
		42C933231491A6E50098216A /* libvorbis.a */ = {isa = PBXFileReference; lastKnownFileType = archive.ar; name = libvorbis.a; path = "../../../../Applications/blackberry-GamePlay/external-deps/oggvorbis/lib/macosx/libvorbis.a"; sourceTree = "<group>"; };
		42C933241491A6E50098216A /* libvorbisenc.a */ = {isa = PBXFileReference; lastKnownFileType = archive.ar; name = libvorbisenc.a; path = "../../../../Applications/blackberry-GamePlay/external-deps/oggvorbis/lib/macosx/libvorbisenc.a"; sourceTree = "<group>"; };
		42C933251491A6E50098216A /* libvorbisfile.a */ = {isa = PBXFileReference; lastKnownFileType = archive.ar; name = libvorbisfile.a; path = "../../../../Applications/blackberry-GamePlay/external-deps/oggvorbis/lib/macosx/libvorbisfile.a"; sourceTree = "<group>"; };
		42C9332A1491A7390098216A /* libpng.a */ = {isa = PBXFileReference; lastKnownFileType = archive.ar; name = libpng.a; path = "../../../../Applications/blackberry-GamePlay/external-deps/libpng/lib/macosx/libpng.a"; sourceTree = "<group>"; };
		42C9332D1491A7810098216A /* libz.dylib */ = {isa = PBXFileReference; lastKnownFileType = "compiled.mach-o.dylib"; name = libz.dylib; path = usr/lib/libz.dylib; sourceTree = SDKROOT; };
		5B61611214CCC2200073B857 /* BillardOnline3D-macosx.plist */ = {isa = PBXFileReference; fileEncoding = 4; lastKnownFileType = text.plist.xml; path = "BillardOnline3D-macosx.plist"; sourceTree = "<group>"; };
		5B61612C14CCC24C0073B857 /* BillardOnline3D-ios.app */ = {isa = PBXFileReference; explicitFileType = wrapper.application; includeInIndex = 0; path = "BillardOnline3D-ios.app"; sourceTree = BUILT_PRODUCTS_DIR; };
		5B61612E14CCC24D0073B857 /* BillardOnline3D-ios.plist */ = {isa = PBXFileReference; lastKnownFileType = text.plist.xml; path = "BillardOnline3D-ios.plist"; sourceTree = "<group>"; };
		5BAF2067152F2DDD003E2AC3 /* CoreMotion.framework */ = {isa = PBXFileReference; lastKnownFileType = wrapper.framework; name = CoreMotion.framework; path = Platforms/iPhoneOS.platform/Developer/SDKs/iPhoneOS5.1.sdk/System/Library/Frameworks/CoreMotion.framework; sourceTree = DEVELOPER_DIR; };
		5BAF2068152F2DDD003E2AC3 /* Foundation.framework */ = {isa = PBXFileReference; lastKnownFileType = wrapper.framework; name = Foundation.framework; path = Platforms/iPhoneOS.platform/Developer/SDKs/iPhoneOS5.1.sdk/System/Library/Frameworks/Foundation.framework; sourceTree = DEVELOPER_DIR; };
		5BAF2069152F2DDD003E2AC3 /* OpenAL.framework */ = {isa = PBXFileReference; lastKnownFileType = wrapper.framework; name = OpenAL.framework; path = Platforms/iPhoneOS.platform/Developer/SDKs/iPhoneOS5.1.sdk/System/Library/Frameworks/OpenAL.framework; sourceTree = DEVELOPER_DIR; };
		5BAF206A152F2DDD003E2AC3 /* OpenGLES.framework */ = {isa = PBXFileReference; lastKnownFileType = wrapper.framework; name = OpenGLES.framework; path = Platforms/iPhoneOS.platform/Developer/SDKs/iPhoneOS5.1.sdk/System/Library/Frameworks/OpenGLES.framework; sourceTree = DEVELOPER_DIR; };
		5BAF206B152F2DDD003E2AC3 /* QuartzCore.framework */ = {isa = PBXFileReference; lastKnownFileType = wrapper.framework; name = QuartzCore.framework; path = Platforms/iPhoneOS.platform/Developer/SDKs/iPhoneOS5.1.sdk/System/Library/Frameworks/QuartzCore.framework; sourceTree = DEVELOPER_DIR; };
		5BAF206C152F2DDD003E2AC3 /* UIKit.framework */ = {isa = PBXFileReference; lastKnownFileType = wrapper.framework; name = UIKit.framework; path = Platforms/iPhoneOS.platform/Developer/SDKs/iPhoneOS5.1.sdk/System/Library/Frameworks/UIKit.framework; sourceTree = DEVELOPER_DIR; };
		5BC4E77F150F879E00CBE1C0 /* gameplay.xcodeproj */ = {isa = PBXFileReference; lastKnownFileType = "wrapper.pb-project"; name = gameplay.xcodeproj; path = "../../../../Applications/blackberry-GamePlay/gameplay/gameplay.xcodeproj"; sourceTree = SOURCE_ROOT; };
		5BC4E849150F911D00CBE1C0 /* shaders */ = {isa = PBXFileReference; lastKnownFileType = text; name = shaders; path = "../../../../Applications/blackberry-GamePlay/gameplay/res/shaders"; sourceTree = SOURCE_ROOT; };
		A43A0798162C6CCD0026EC09 /* AbstractGameController.cpp */ = {isa = PBXFileReference; fileEncoding = 4; lastKnownFileType = sourcecode.cpp.cpp; path = AbstractGameController.cpp; sourceTree = "<group>"; };
		A43A0799162C6CCD0026EC09 /* AbstractGameController.h */ = {isa = PBXFileReference; fileEncoding = 4; lastKnownFileType = sourcecode.c.h; path = AbstractGameController.h; sourceTree = "<group>"; };
		A43A079A162C6CCD0026EC09 /* AbstractPlayerController.cpp */ = {isa = PBXFileReference; fileEncoding = 4; lastKnownFileType = sourcecode.cpp.cpp; path = AbstractPlayerController.cpp; sourceTree = "<group>"; };
		A43A079B162C6CCD0026EC09 /* AbstractPlayerController.h */ = {isa = PBXFileReference; fileEncoding = 4; lastKnownFileType = sourcecode.c.h; path = AbstractPlayerController.h; sourceTree = "<group>"; };
		A43A079D162C6CCD0026EC09 /* ThreeBandGame.cpp */ = {isa = PBXFileReference; fileEncoding = 4; lastKnownFileType = sourcecode.cpp.cpp; path = ThreeBandGame.cpp; sourceTree = "<group>"; };
		A43A079E162C6CCD0026EC09 /* ThreeBandGame.h */ = {isa = PBXFileReference; fileEncoding = 4; lastKnownFileType = sourcecode.c.h; path = ThreeBandGame.h; sourceTree = "<group>"; };
		A43A07A0162C6CCD0026EC09 /* GameHud.cpp */ = {isa = PBXFileReference; fileEncoding = 4; lastKnownFileType = sourcecode.cpp.cpp; path = GameHud.cpp; sourceTree = "<group>"; };
		A43A07A1162C6CCD0026EC09 /* GameHud.h */ = {isa = PBXFileReference; fileEncoding = 4; lastKnownFileType = sourcecode.c.h; path = GameHud.h; sourceTree = "<group>"; };
		A43A07A2162C6CCD0026EC09 /* MainMenu.cpp */ = {isa = PBXFileReference; fileEncoding = 4; lastKnownFileType = sourcecode.cpp.cpp; path = MainMenu.cpp; sourceTree = "<group>"; };
		A43A07A3162C6CCD0026EC09 /* MainMenu.h */ = {isa = PBXFileReference; fileEncoding = 4; lastKnownFileType = sourcecode.c.h; path = MainMenu.h; sourceTree = "<group>"; };
		A43A07A4162C6CCD0026EC09 /* MenuAbstract.cpp */ = {isa = PBXFileReference; fileEncoding = 4; lastKnownFileType = sourcecode.cpp.cpp; path = MenuAbstract.cpp; sourceTree = "<group>"; };
		A43A07A5162C6CCD0026EC09 /* MenuAbstract.h */ = {isa = PBXFileReference; fileEncoding = 4; lastKnownFileType = sourcecode.c.h; path = MenuAbstract.h; sourceTree = "<group>"; };
		A43A07A6162C6CCD0026EC09 /* SelectGame.cpp */ = {isa = PBXFileReference; fileEncoding = 4; lastKnownFileType = sourcecode.cpp.cpp; path = SelectGame.cpp; sourceTree = "<group>"; };
		A43A07A7162C6CCD0026EC09 /* SelectGame.h */ = {isa = PBXFileReference; fileEncoding = 4; lastKnownFileType = sourcecode.c.h; path = SelectGame.h; sourceTree = "<group>"; };
		A43A07A9162C6CCD0026EC09 /* DevicePlayer.cpp */ = {isa = PBXFileReference; fileEncoding = 4; lastKnownFileType = sourcecode.cpp.cpp; path = DevicePlayer.cpp; sourceTree = "<group>"; };
		A43A07AA162C6CCD0026EC09 /* DevicePlayer.h */ = {isa = PBXFileReference; fileEncoding = 4; lastKnownFileType = sourcecode.c.h; path = DevicePlayer.h; sourceTree = "<group>"; };
/* End PBXFileReference section */

/* Begin PBXFrameworksBuildPhase section */
		42C932B91491A0DB0098216A /* Frameworks */ = {
			isa = PBXFrameworksBuildPhase;
			buildActionMask = 2147483647;
			files = (
				42438B531491AD2000D218B8 /* libgameplay.a in Frameworks */,
				42C933211491A6C70098216A /* libbullet.a in Frameworks */,
				42C933261491A6E50098216A /* libogg.a in Frameworks */,
				42C933271491A6E50098216A /* libvorbis.a in Frameworks */,
				42C933281491A6E50098216A /* libvorbisenc.a in Frameworks */,
				42C933291491A6E50098216A /* libvorbisfile.a in Frameworks */,
				42C9332C1491A7680098216A /* libpng.a in Frameworks */,
				42C9332F1491A78D0098216A /* libz.dylib in Frameworks */,
				424CC03C161FCBDD00577827 /* IOKit.framework in Frameworks */,
				42C932C11491A0DB0098216A /* Cocoa.framework in Frameworks */,
				42C9331D1491A6750098216A /* QuartzCore.framework in Frameworks */,
				42C933171491A5EB0098216A /* OpenGL.framework in Frameworks */,
				42C9331F1491A67F0098216A /* OpenAL.framework in Frameworks */,
			);
			runOnlyForDeploymentPostprocessing = 0;
		};
		5B61611714CCC24C0073B857 /* Frameworks */ = {
			isa = PBXFrameworksBuildPhase;
			buildActionMask = 2147483647;
			files = (
				5BAF206D152F2DDD003E2AC3 /* CoreMotion.framework in Frameworks */,
				5BAF206E152F2DDD003E2AC3 /* Foundation.framework in Frameworks */,
				5BAF206F152F2DDD003E2AC3 /* OpenAL.framework in Frameworks */,
				5BAF2070152F2DDD003E2AC3 /* OpenGLES.framework in Frameworks */,
				5BAF2071152F2DDD003E2AC3 /* QuartzCore.framework in Frameworks */,
				5BAF2072152F2DDD003E2AC3 /* UIKit.framework in Frameworks */,
				5B61611814CCC24C0073B857 /* libgameplay.a in Frameworks */,
				5B61611914CCC24C0073B857 /* libbullet.a in Frameworks */,
				5B61611A14CCC24C0073B857 /* libogg.a in Frameworks */,
				5B61611B14CCC24C0073B857 /* libvorbis.a in Frameworks */,
				5B61611C14CCC24C0073B857 /* libvorbisenc.a in Frameworks */,
				5B61611D14CCC24C0073B857 /* libvorbisfile.a in Frameworks */,
				5B61611E14CCC24C0073B857 /* libpng.a in Frameworks */,
				5B61611F14CCC24C0073B857 /* libz.dylib in Frameworks */,
			);
			runOnlyForDeploymentPostprocessing = 0;
		};
/* End PBXFrameworksBuildPhase section */

/* Begin PBXGroup section */
		42C932B11491A0DB0098216A = {
			isa = PBXGroup;
			children = (
				5B61611214CCC2200073B857 /* BillardOnline3D-macosx.plist */,
				5B61612E14CCC24D0073B857 /* BillardOnline3D-ios.plist */,
				42C932ED1491A4CB0098216A /* icon.png */,
				428F7BDD15CB131A009ED24C /* game.config */,
				42C932F21491A53E0098216A /* res */,
				42C932C61491A0DB0098216A /* src */,
				42C932DD1491A1050098216A /* Libraries */,
				42C932BF1491A0DB0098216A /* Frameworks */,
				42C932BD1491A0DB0098216A /* Products */,
			);
			sourceTree = "<group>";
		};
		42C932BD1491A0DB0098216A /* Products */ = {
			isa = PBXGroup;
			children = (
				42C932BC1491A0DB0098216A /* BillardOnline3D-macosx.app */,
				5B61612C14CCC24C0073B857 /* BillardOnline3D-ios.app */,
			);
			name = Products;
			sourceTree = "<group>";
		};
		42C932BF1491A0DB0098216A /* Frameworks */ = {
			isa = PBXGroup;
			children = (
				5BC4E825150F8CE600CBE1C0 /* GamePlay */,
				5B61613A14CCC3590073B857 /* MacOSX */,
				5B61613914CCC3560073B857 /* iOS */,
			);
			name = Frameworks;
			sourceTree = "<group>";
		};
		42C932C61491A0DB0098216A /* src */ = {
			isa = PBXGroup;
			children = (
				A43A0797162C6CCD0026EC09 /* Game */,
				A43A079F162C6CCD0026EC09 /* Menus */,
				A43A07A8162C6CCD0026EC09 /* Players */,
				42C932EF1491A5160098216A /* BillardMainClass.cpp */,
				42C932F01491A5160098216A /* BillardMainClass.h */,
			);
			path = src;
			sourceTree = "<group>";
		};
		42C932DD1491A1050098216A /* Libraries */ = {
			isa = PBXGroup;
			children = (
				42438B521491AD2000D218B8 /* libgameplay.a */,
				42C933201491A6C70098216A /* libbullet.a */,
				42C933221491A6E50098216A /* libogg.a */,
				42C933231491A6E50098216A /* libvorbis.a */,
				42C933241491A6E50098216A /* libvorbisenc.a */,
				42C933251491A6E50098216A /* libvorbisfile.a */,
				42C9332A1491A7390098216A /* libpng.a */,
				42C9332D1491A7810098216A /* libz.dylib */,
			);
			name = Libraries;
			sourceTree = "<group>";
		};
		5B61613914CCC3560073B857 /* iOS */ = {
			isa = PBXGroup;
			children = (
				5BAF2067152F2DDD003E2AC3 /* CoreMotion.framework */,
				5BAF2068152F2DDD003E2AC3 /* Foundation.framework */,
				5BAF2069152F2DDD003E2AC3 /* OpenAL.framework */,
				5BAF206A152F2DDD003E2AC3 /* OpenGLES.framework */,
				5BAF206B152F2DDD003E2AC3 /* QuartzCore.framework */,
				5BAF206C152F2DDD003E2AC3 /* UIKit.framework */,
			);
			name = iOS;
			sourceTree = "<group>";
		};
		5B61613A14CCC3590073B857 /* MacOSX */ = {
			isa = PBXGroup;
			children = (
				424CC03B161FCBDD00577827 /* IOKit.framework */,
				42C932C01491A0DB0098216A /* Cocoa.framework */,
				42C9331C1491A6750098216A /* QuartzCore.framework */,
				42C933161491A5EB0098216A /* OpenGL.framework */,
				42C9331E1491A67F0098216A /* OpenAL.framework */,
			);
			name = MacOSX;
			sourceTree = "<group>";
		};
		5BC4E825150F8CE600CBE1C0 /* GamePlay */ = {
			isa = PBXGroup;
			children = (
				5BC4E849150F911D00CBE1C0 /* shaders */,
				5BC4E77F150F879E00CBE1C0 /* gameplay.xcodeproj */,
			);
			name = GamePlay;
			sourceTree = "<group>";
		};
		A43A078E162C6A370026EC09 /* Products */ = {
			isa = PBXGroup;
			children = (
				A43A0793162C6A370026EC09 /* libgameplay.a */,
				A43A0795162C6A370026EC09 /* libgameplay.a */,
			);
			name = Products;
			sourceTree = "<group>";
		};
		A43A0797162C6CCD0026EC09 /* Game */ = {
			isa = PBXGroup;
			children = (
				A43A0798162C6CCD0026EC09 /* AbstractGameController.cpp */,
				A43A0799162C6CCD0026EC09 /* AbstractGameController.h */,
				A43A079A162C6CCD0026EC09 /* AbstractPlayerController.cpp */,
				A43A079B162C6CCD0026EC09 /* AbstractPlayerController.h */,
				A43A079C162C6CCD0026EC09 /* ModeGames */,
			);
			path = Game;
			sourceTree = "<group>";
		};
		A43A079C162C6CCD0026EC09 /* ModeGames */ = {
			isa = PBXGroup;
			children = (
				A43A079D162C6CCD0026EC09 /* ThreeBandGame.cpp */,
				A43A079E162C6CCD0026EC09 /* ThreeBandGame.h */,
			);
			path = ModeGames;
			sourceTree = "<group>";
		};
		A43A079F162C6CCD0026EC09 /* Menus */ = {
			isa = PBXGroup;
			children = (
				A43A07A0162C6CCD0026EC09 /* GameHud.cpp */,
				A43A07A1162C6CCD0026EC09 /* GameHud.h */,
				A43A07A2162C6CCD0026EC09 /* MainMenu.cpp */,
				A43A07A3162C6CCD0026EC09 /* MainMenu.h */,
				A43A07A4162C6CCD0026EC09 /* MenuAbstract.cpp */,
				A43A07A5162C6CCD0026EC09 /* MenuAbstract.h */,
				A43A07A6162C6CCD0026EC09 /* SelectGame.cpp */,
				A43A07A7162C6CCD0026EC09 /* SelectGame.h */,
			);
			path = Menus;
			sourceTree = "<group>";
		};
		A43A07A8162C6CCD0026EC09 /* Players */ = {
			isa = PBXGroup;
			children = (
				A43A07A9162C6CCD0026EC09 /* DevicePlayer.cpp */,
				A43A07AA162C6CCD0026EC09 /* DevicePlayer.h */,
			);
			path = Players;
			sourceTree = "<group>";
		};
/* End PBXGroup section */

/* Begin PBXNativeTarget section */
		42C932BB1491A0DB0098216A /* BillardOnline3D-macosx */ = {
			isa = PBXNativeTarget;
			buildConfigurationList = 42C932DA1491A0DB0098216A /* Build configuration list for PBXNativeTarget "BillardOnline3D-macosx" */;
			buildPhases = (
				42C932B81491A0DB0098216A /* Sources */,
				42C932B91491A0DB0098216A /* Frameworks */,
				42C933301491A7B50098216A /* ShellScript */,
				42C932BA1491A0DB0098216A /* Resources */,
			);
			buildRules = (
			);
			dependencies = (
			);
			name = "BillardOnline3D-macosx";
			productName = BillardOnline3D;
			productReference = 42C932BC1491A0DB0098216A /* BillardOnline3D-macosx.app */;
			productType = "com.apple.product-type.application";
		};
		5B61611414CCC24C0073B857 /* BillardOnline3D-ios */ = {
			isa = PBXNativeTarget;
			buildConfigurationList = 5B61612914CCC24C0073B857 /* Build configuration list for PBXNativeTarget "BillardOnline3D-ios" */;
			buildPhases = (
				5B61611514CCC24C0073B857 /* Sources */,
				5B61611714CCC24C0073B857 /* Frameworks */,
				5B61612414CCC24C0073B857 /* ShellScript */,
				5B61612514CCC24C0073B857 /* Resources */,
			);
			buildRules = (
			);
			dependencies = (
			);
			name = "BillardOnline3D-ios";
			productName = BillardOnline3D;
			productReference = 5B61612C14CCC24C0073B857 /* BillardOnline3D-ios.app */;
			productType = "com.apple.product-type.application";
		};
/* End PBXNativeTarget section */

/* Begin PBXProject section */
		42C932B31491A0DB0098216A /* Project object */ = {
			isa = PBXProject;
			attributes = {
				LastUpgradeCheck = 0420;
			};
			buildConfigurationList = 42C932B61491A0DB0098216A /* Build configuration list for PBXProject "BillardOnline3D" */;
			compatibilityVersion = "Xcode 3.2";
			developmentRegion = English;
			hasScannedForEncodings = 0;
			knownRegions = (
				en,
			);
			mainGroup = 42C932B11491A0DB0098216A;
			productRefGroup = 42C932BD1491A0DB0098216A /* Products */;
			projectDirPath = "";
			projectReferences = (
				{
					ProductGroup = A43A078E162C6A370026EC09 /* Products */;
					ProjectRef = 5BC4E77F150F879E00CBE1C0 /* gameplay.xcodeproj */;
				},
			);
			projectRoot = "";
			targets = (
				42C932BB1491A0DB0098216A /* BillardOnline3D-macosx */,
				5B61611414CCC24C0073B857 /* BillardOnline3D-ios */,
			);
		};
/* End PBXProject section */

/* Begin PBXReferenceProxy section */
		A43A0793162C6A370026EC09 /* libgameplay.a */ = {
			isa = PBXReferenceProxy;
			fileType = archive.ar;
			path = libgameplay.a;
			remoteRef = A43A0792162C6A370026EC09 /* PBXContainerItemProxy */;
			sourceTree = BUILT_PRODUCTS_DIR;
		};
		A43A0795162C6A370026EC09 /* libgameplay.a */ = {
			isa = PBXReferenceProxy;
			fileType = archive.ar;
			path = libgameplay.a;
			remoteRef = A43A0794162C6A370026EC09 /* PBXContainerItemProxy */;
			sourceTree = BUILT_PRODUCTS_DIR;
		};
/* End PBXReferenceProxy section */

/* Begin PBXResourcesBuildPhase section */
		42C932BA1491A0DB0098216A /* Resources */ = {
			isa = PBXResourcesBuildPhase;
			buildActionMask = 2147483647;
			files = (
				42C932EE1491A4CB0098216A /* icon.png in Resources */,
				428F7BDE15CB131A009ED24C /* game.config in Resources */,
				42C932F31491A53E0098216A /* res in Resources */,
			);
			runOnlyForDeploymentPostprocessing = 0;
		};
		5B61612514CCC24C0073B857 /* Resources */ = {
			isa = PBXResourcesBuildPhase;
			buildActionMask = 2147483647;
			files = (
				5B61612614CCC24C0073B857 /* icon.png in Resources */,
				5B61612714CCC24C0073B857 /* res in Resources */,
			);
			runOnlyForDeploymentPostprocessing = 0;
		};
/* End PBXResourcesBuildPhase section */

/* Begin PBXShellScriptBuildPhase section */
		42C933301491A7B50098216A /* ShellScript */ = {
			isa = PBXShellScriptBuildPhase;
			buildActionMask = 2147483647;
			files = (
			);
			inputPaths = (
			);
			outputPaths = (
			);
			runOnlyForDeploymentPostprocessing = 0;
			shellPath = /bin/sh;
			shellScript = "cp -rf ../../../../Applications/blackberry-GamePlay/gameplay/res/shaders ${SRCROOT}/res\ncp -rf ../../../../Applications/blackberry-GamePlay/gameplay/res/logo_powered_white.png ${SRCROOT}/res\ntouch -cm ${SRCROOT}/res";
		};
		5B61612414CCC24C0073B857 /* ShellScript */ = {
			isa = PBXShellScriptBuildPhase;
			buildActionMask = 2147483647;
			files = (
			);
			inputPaths = (
			);
			outputPaths = (
			);
			runOnlyForDeploymentPostprocessing = 0;
			shellPath = /bin/sh;
			shellScript = "cp -rf ../../../../Applications/blackberry-GamePlay/gameplay/res/shaders ${SRCROOT}/res\ncp -rf ../../../../Applications/blackberry-GamePlay/gameplay/res/logo_powered_white.png ${SRCROOT}/res\ntouch -cm ${SRCROOT}/res";
		};
/* End PBXShellScriptBuildPhase section */

/* Begin PBXSourcesBuildPhase section */
		42C932B81491A0DB0098216A /* Sources */ = {
			isa = PBXSourcesBuildPhase;
			buildActionMask = 2147483647;
			files = (
				42C932F11491A5160098216A /* BillardMainClass.cpp in Sources */,
				A43A07AB162C6CCD0026EC09 /* AbstractGameController.cpp in Sources */,
				A43A07AC162C6CCD0026EC09 /* AbstractPlayerController.cpp in Sources */,
				A43A07AD162C6CCD0026EC09 /* ThreeBandGame.cpp in Sources */,
				A43A07AE162C6CCD0026EC09 /* GameHud.cpp in Sources */,
				A43A07AF162C6CCD0026EC09 /* MainMenu.cpp in Sources */,
				A43A07B0162C6CCD0026EC09 /* MenuAbstract.cpp in Sources */,
				A43A07B1162C6CCD0026EC09 /* SelectGame.cpp in Sources */,
				A43A07B2162C6CCD0026EC09 /* DevicePlayer.cpp in Sources */,
			);
			runOnlyForDeploymentPostprocessing = 0;
		};
		5B61611514CCC24C0073B857 /* Sources */ = {
			isa = PBXSourcesBuildPhase;
			buildActionMask = 2147483647;
			files = (
				5B61611614CCC24C0073B857 /* BillardMainClass.cpp in Sources */,
			);
			runOnlyForDeploymentPostprocessing = 0;
		};
/* End PBXSourcesBuildPhase section */

/* Begin XCBuildConfiguration section */
		42C932D81491A0DB0098216A /* Debug */ = {
			isa = XCBuildConfiguration;
			buildSettings = {
				ALWAYS_SEARCH_USER_PATHS = NO;
				ARCHS = "$(ARCHS_STANDARD_32_BIT)";
				COPY_PHASE_STRIP = NO;
				GCC_C_LANGUAGE_STANDARD = gnu99;
				GCC_DYNAMIC_NO_PIC = NO;
				GCC_ENABLE_OBJC_EXCEPTIONS = YES;
				GCC_OPTIMIZATION_LEVEL = 0;
				GCC_PREPROCESSOR_DEFINITIONS = (
					"DEBUG=1",
					"$(inherited)",
				);
				GCC_SYMBOLS_PRIVATE_EXTERN = NO;
				GCC_VERSION = com.apple.compilers.llvm.clang.1_0;
				GCC_WARN_64_TO_32_BIT_CONVERSION = YES;
				GCC_WARN_ABOUT_MISSING_PROTOTYPES = YES;
				GCC_WARN_ABOUT_RETURN_TYPE = YES;
				GCC_WARN_UNUSED_VARIABLE = YES;
				GENERATE_PKGINFO_FILE = YES;
				INFOPLIST_FILE = "BillardOnline3D-macosx.plist";
				MACOSX_DEPLOYMENT_TARGET = 10.7;
				ONLY_ACTIVE_ARCH = YES;
				PRODUCT_NAME = "$(TARGET_NAME)";
				SDKROOT = macosx;
			};
			name = Debug;
		};
		42C932D91491A0DB0098216A /* Release */ = {
			isa = XCBuildConfiguration;
			buildSettings = {
				ALWAYS_SEARCH_USER_PATHS = NO;
				ARCHS = "$(ARCHS_STANDARD_32_BIT)";
				COPY_PHASE_STRIP = YES;
				DEBUG_INFORMATION_FORMAT = "dwarf-with-dsym";
				GCC_C_LANGUAGE_STANDARD = gnu99;
				GCC_ENABLE_OBJC_EXCEPTIONS = YES;
				GCC_VERSION = com.apple.compilers.llvm.clang.1_0;
				GCC_WARN_64_TO_32_BIT_CONVERSION = YES;
				GCC_WARN_ABOUT_MISSING_PROTOTYPES = YES;
				GCC_WARN_ABOUT_RETURN_TYPE = YES;
				GCC_WARN_UNUSED_VARIABLE = YES;
				GENERATE_PKGINFO_FILE = YES;
				INFOPLIST_FILE = "BillardOnline3D-macosx.plist";
				MACOSX_DEPLOYMENT_TARGET = 10.7;
				PRODUCT_NAME = "$(TARGET_NAME)";
				SDKROOT = macosx;
			};
			name = Release;
		};
		42C932DB1491A0DB0098216A /* Debug */ = {
			isa = XCBuildConfiguration;
			buildSettings = {
				ARCHS = "$(ARCHS_STANDARD_32_BIT)";
				GCC_PRECOMPILE_PREFIX_HEADER = NO;
				GCC_WARN_64_TO_32_BIT_CONVERSION = NO;
				GCC_WARN_UNUSED_VARIABLE = NO;
				HEADER_SEARCH_PATHS = (
					"../../../../Applications/blackberry-GamePlay/gameplay/src",
					"../../../../Applications/blackberry-GamePlay/external-deps/libpng/include",
					"../../../../Applications/blackberry-GamePlay/external-deps/bullet/include",
					"../../../../Applications/blackberry-GamePlay/external-deps/oggvorbis/include",
					"../../../../Applications/blackberry-GamePlay/external-deps/lua/include",
				);
				INFOPLIST_FILE = "BillardOnline3D-macosx.plist";
				LIBRARY_SEARCH_PATHS = (
					"$(inherited)",
					"\"../../../../Applications/blackberry-GamePlay/external-deps/libpng/lib/macosx\"",
					"\"../../../../Applications/blackberry-GamePlay/external-deps/bullet/lib/macosx\"",
					"\"../../../../Applications/blackberry-GamePlay/external-deps/oggvorbis/lib/macosx\"",
				);
				PRODUCT_NAME = "$(TARGET_NAME)";
				USER_HEADER_SEARCH_PATHS = "";
				WRAPPER_EXTENSION = app;
			};
			name = Debug;
		};
		42C932DC1491A0DB0098216A /* Release */ = {
			isa = XCBuildConfiguration;
			buildSettings = {
				ARCHS = "$(ARCHS_STANDARD_32_BIT)";
				GCC_PRECOMPILE_PREFIX_HEADER = NO;
				GCC_WARN_64_TO_32_BIT_CONVERSION = NO;
				GCC_WARN_UNUSED_VARIABLE = NO;
				HEADER_SEARCH_PATHS = (
					"../../../../Applications/blackberry-GamePlay/gameplay/src",
					"../../../../Applications/blackberry-GamePlay/external-deps/libpng/include",
					"../../../../Applications/blackberry-GamePlay/external-deps/bullet/include",
					"../../../../Applications/blackberry-GamePlay/external-deps/oggvorbis/include",
					"../../../../Applications/blackberry-GamePlay/external-deps/lua/include",
				);
				INFOPLIST_FILE = "BillardOnline3D-macosx.plist";
				LIBRARY_SEARCH_PATHS = (
					"$(inherited)",
					"\"../../../../Applications/blackberry-GamePlay/external-deps/libpng/lib/macosx\"",
					"\"../../../../Applications/blackberry-GamePlay/external-deps/bullet/lib/macosx\"",
					"\"../../../../Applications/blackberry-GamePlay/external-deps/oggvorbis/lib/macosx\"",
				);
				PRODUCT_NAME = "$(TARGET_NAME)";
				USER_HEADER_SEARCH_PATHS = "";
				WRAPPER_EXTENSION = app;
			};
			name = Release;
		};
		5B61612A14CCC24C0073B857 /* Debug */ = {
			isa = XCBuildConfiguration;
			buildSettings = {
				ARCHS = "$(ARCHS_STANDARD_32_BIT)";
				CODE_SIGN_IDENTITY = "iPhone Developer";
				GCC_PRECOMPILE_PREFIX_HEADER = NO;
				GCC_WARN_64_TO_32_BIT_CONVERSION = NO;
				GCC_WARN_UNUSED_VARIABLE = NO;
				HEADER_SEARCH_PATHS = (
					"../../../../Applications/blackberry-GamePlay/gameplay/src",
					"../../../../Applications/blackberry-GamePlay/external-deps/libpng/include",
					"../../../../Applications/blackberry-GamePlay/external-deps/bullet/include",
					"../../../../Applications/blackberry-GamePlay/external-deps/oggvorbis/include",
					"../../../../Applications/blackberry-GamePlay/external-deps/lua/include",
				);
				INFOPLIST_FILE = "BillardOnline3D-ios.plist";
				IPHONEOS_DEPLOYMENT_TARGET = 5.1;
				LIBRARY_SEARCH_PATHS = (
					"$(inherited)",
					"\"../../../../Applications/blackberry-GamePlay/external-deps/libpng/lib/ios/$(CURRENT_ARCH)\"",
					"\"../../../../Applications/blackberry-GamePlay/external-deps/bullet/lib/ios/$(CURRENT_ARCH)\"",
					"\"../../../../Applications/blackberry-GamePlay/external-deps/oggvorbis/lib/ios/$(CURRENT_ARCH)\"",
				);
				SDKROOT = iphoneos;
				TARGETED_DEVICE_FAMILY = "1,2";
				USER_HEADER_SEARCH_PATHS = "";
				WRAPPER_EXTENSION = app;
			};
			name = Debug;
		};
		5B61612B14CCC24C0073B857 /* Release */ = {
			isa = XCBuildConfiguration;
			buildSettings = {
				ARCHS = "$(ARCHS_STANDARD_32_BIT)";
				CODE_SIGN_IDENTITY = "iPhone Developer";
				GCC_PRECOMPILE_PREFIX_HEADER = NO;
				GCC_WARN_64_TO_32_BIT_CONVERSION = NO;
				GCC_WARN_UNUSED_VARIABLE = NO;
				HEADER_SEARCH_PATHS = (
					"../../../../Applications/blackberry-GamePlay/gameplay/src",
					"../../../../Applications/blackberry-GamePlay/external-deps/libpng/include",
					"../../../../Applications/blackberry-GamePlay/external-deps/bullet/include",
					"../../../../Applications/blackberry-GamePlay/external-deps/oggvorbis/include",
					"../../../../Applications/blackberry-GamePlay/external-deps/lua/include",
				);
				INFOPLIST_FILE = "BillardOnline3D-ios.plist";
				IPHONEOS_DEPLOYMENT_TARGET = 5.1;
				LIBRARY_SEARCH_PATHS = (
					"$(inherited)",
					"\"../../../../Applications/blackberry-GamePlay/external-deps/libpng/lib/ios/$(CURRENT_ARCH)\"",
					"\"../../../../Applications/blackberry-GamePlay/external-deps/bullet/lib/ios/$(CURRENT_ARCH)\"",
					"\"../../../../Applications/blackberry-GamePlay/external-deps/oggvorbis/lib/ios/$(CURRENT_ARCH)\"",
				);
				SDKROOT = iphoneos;
				TARGETED_DEVICE_FAMILY = "1,2";
				USER_HEADER_SEARCH_PATHS = "";
				WRAPPER_EXTENSION = app;
			};
			name = Release;
		};
/* End XCBuildConfiguration section */

/* Begin XCConfigurationList section */
		42C932B61491A0DB0098216A /* Build configuration list for PBXProject "BillardOnline3D" */ = {
			isa = XCConfigurationList;
			buildConfigurations = (
				42C932D81491A0DB0098216A /* Debug */,
				42C932D91491A0DB0098216A /* Release */,
			);
			defaultConfigurationIsVisible = 0;
			defaultConfigurationName = Release;
		};
		42C932DA1491A0DB0098216A /* Build configuration list for PBXNativeTarget "BillardOnline3D-macosx" */ = {
			isa = XCConfigurationList;
			buildConfigurations = (
				42C932DB1491A0DB0098216A /* Debug */,
				42C932DC1491A0DB0098216A /* Release */,
			);
			defaultConfigurationIsVisible = 0;
			defaultConfigurationName = Release;
		};
		5B61612914CCC24C0073B857 /* Build configuration list for PBXNativeTarget "BillardOnline3D-ios" */ = {
			isa = XCConfigurationList;
			buildConfigurations = (
				5B61612A14CCC24C0073B857 /* Debug */,
				5B61612B14CCC24C0073B857 /* Release */,
			);
			defaultConfigurationIsVisible = 0;
			defaultConfigurationName = Release;
		};
/* End XCConfigurationList section */
	};
	rootObject = 42C932B31491A0DB0098216A /* Project object */;
}
